{
  "version": 4,
  "terraform_version": "1.5.6",
  "serial": 11,
  "lineage": "cf88da40-d7b6-d0d4-f339-031289615d7f",
  "outputs": {},
  "resources": [
    {
      "module": "module.vpc",
      "mode": "managed",
      "type": "aws_vpc",
      "name": "my_vpc",
      "provider": "provider[\"registry.terraform.io/hashicorp/aws\"]",
      "instances": [
        {
          "schema_version": 1,
          "attributes": {
            "arn": "arn:aws:ec2:us-east-2:528519205020:vpc/vpc-0cbb0d97e5ff20c5c",
            "assign_generated_ipv6_cidr_block": false,
            "cidr_block": "172.31.0.0/16",
            "default_network_acl_id": "acl-0440568e3dd735dab",
            "default_route_table_id": "rtb-0475d6e1753bbc77d",
            "default_security_group_id": "sg-0f17e265024da7938",
            "dhcp_options_id": "dopt-02d078fefa2095cec",
            "enable_dns_hostnames": false,
            "enable_dns_support": true,
            "enable_network_address_usage_metrics": false,
            "id": "vpc-0cbb0d97e5ff20c5c",
            "instance_tenancy": "default",
            "ipv4_ipam_pool_id": null,
            "ipv4_netmask_length": null,
            "ipv6_association_id": "",
            "ipv6_cidr_block": "",
            "ipv6_cidr_block_network_border_group": "",
            "ipv6_ipam_pool_id": "",
            "ipv6_netmask_length": 0,
            "main_route_table_id": "rtb-0475d6e1753bbc77d",
            "owner_id": "528519205020",
            "tags": {
              "Name": "Himanshi",
              "owner": "himanshi.soni@cloudeq.com"
            },
            "tags_all": {
              "Name": "Himanshi",
              "owner": "himanshi.soni@cloudeq.com"
            }
          },
          "sensitive_attributes": [],
          "private": "eyJzY2hlbWFfdmVyc2lvbiI6IjEifQ=="
        }
      ]
    }
  ],
  "check_results": null
}
